<?xml version="1.0" encoding="utf-8"?>
<Project ToolsVersion="4.0" xmlns="http://schemas.microsoft.com/developer/msbuild/2003">
  <ItemGroup>
    <Filter Include="Header Files">
      <UniqueIdentifier>{93995380-89BD-4b04-88EB-625FBE52EBFB}</UniqueIdentifier>
      <Extensions>h;hh;hpp;hxx;h++;hm;inl;inc;ipp;xsd</Extensions>
    </Filter>
    <Filter Include="Resource Files">
      <UniqueIdentifier>{67DA6AB6-F800-4c08-8B7A-83BB121AAD01}</UniqueIdentifier>
      <Extensions>rc;ico;cur;bmp;dlg;rc2;rct;bin;rgs;gif;jpg;jpeg;jpe;resx;tiff;tif;png;wav;mfcribbon-ms</Extensions>
    </Filter>
    <Filter Include="Header Files\GUI">
      <UniqueIdentifier>{d6c2422b-93c5-40a4-aad3-95a42d0be2a0}</UniqueIdentifier>
    </Filter>
    <Filter Include="Source">
      <UniqueIdentifier>{4FC737F1-C7A5-4376-A066-2A32D752A2FF}</UniqueIdentifier>
      <Extensions>cpp;c;cc;cxx;c++;cppm;ixx;def;odl;idl;hpj;bat;asm;asmx</Extensions>
    </Filter>
    <Filter Include="Source\GUI">
      <UniqueIdentifier>{68ba96ad-22f2-430e-b880-13edbd96497d}</UniqueIdentifier>
    </Filter>
    <Filter Include="Header Files\GUI\Pages">
      <UniqueIdentifier>{0e42abcb-77d8-43d3-982b-aff8e958d878}</UniqueIdentifier>
    </Filter>
    <Filter Include="Source\GUI\Pages">
      <UniqueIdentifier>{991ab5d6-80c3-400d-9811-4759bec351bd}</UniqueIdentifier>
    </Filter>
    <Filter Include="Header Files\ThirdParty">
      <UniqueIdentifier>{1dde7963-9678-4891-ae7f-58c5f4d81f10}</UniqueIdentifier>
    </Filter>
    <Filter Include="Header Files\GUI\CustomWidgets">
      <UniqueIdentifier>{b1f0eea7-24c0-4708-b02f-9d11eb35a042}</UniqueIdentifier>
    </Filter>
    <Filter Include="Header Files\GUI\BasicWidgets">
      <UniqueIdentifier>{d8bf281d-5c3a-4991-9558-dbc6c4ad36d7}</UniqueIdentifier>
    </Filter>
    <Filter Include="Header Files\FunctionProcessing">
      <UniqueIdentifier>{ef8ff53f-c737-40e5-b149-0dae4c942a18}</UniqueIdentifier>
    </Filter>
    <Filter Include="Header Files\GUI\MainComponents">
      <UniqueIdentifier>{21f69f48-82b7-4681-9d1e-aae4b57574c8}</UniqueIdentifier>
    </Filter>
    <Filter Include="Header Files\GUI\Utility">
      <UniqueIdentifier>{cb0224fc-9096-49ed-b581-ccb57a9ffe47}</UniqueIdentifier>
    </Filter>
    <Filter Include="Header Files\GUI\Resources">
      <UniqueIdentifier>{844cf78b-9f59-4e0e-a074-228583cafa22}</UniqueIdentifier>
    </Filter>
    <Filter Include="Source\FunctionProcessing">
      <UniqueIdentifier>{c2833215-471d-4ffa-a50a-ecaf233d220c}</UniqueIdentifier>
    </Filter>
    <Filter Include="Source\GUI\MainComponents">
      <UniqueIdentifier>{2e3f9a60-67ea-440c-ba8f-094607adecc2}</UniqueIdentifier>
    </Filter>
    <Filter Include="Source\GUI\MainComponents\Chart">
      <UniqueIdentifier>{d3142e54-ddcb-4fdc-93dd-50b2ebce29cc}</UniqueIdentifier>
    </Filter>
    <Filter Include="Source\GUI\BasicWidgets">
      <UniqueIdentifier>{2d0386c4-97ed-40bf-887d-5c3e9aec5cb5}</UniqueIdentifier>
    </Filter>
    <Filter Include="Source\GUI\CustomWidgets">
      <UniqueIdentifier>{4415b535-8131-4671-b922-cb8b0494d2eb}</UniqueIdentifier>
    </Filter>
    <Filter Include="Source\GUI\Utility">
      <UniqueIdentifier>{e7635c8a-8c3b-4083-a434-3825e6aa2a73}</UniqueIdentifier>
    </Filter>
    <Filter Include="Source\GUI\Resources">
      <UniqueIdentifier>{22e5e0e8-d512-4b71-9acb-79e2eac1099e}</UniqueIdentifier>
    </Filter>
  </ItemGroup>
  <ItemGroup>
    <ClCompile Include="main.cpp">
      <Filter>Source</Filter>
    </ClCompile>
    <ClCompile Include="GUI\FunctionManagerPage.cpp">
      <Filter>Source\GUI\Pages</Filter>
    </ClCompile>
    <ClCompile Include="GUI\HelpPage.cpp">
      <Filter>Source\GUI\Pages</Filter>
    </ClCompile>
    <ClCompile Include="GUI\FunctionDetailsPage.cpp">
      <Filter>Source\GUI\Pages</Filter>
    </ClCompile>
    <ClCompile Include="tinyfiledialogs.c">
      <Filter>Header Files\ThirdParty</Filter>
    </ClCompile>
    <ClCompile Include="FunctionProcessor.cpp">
      <Filter>Source\FunctionProcessing</Filter>
    </ClCompile>
    <ClCompile Include="Operations.cpp">
      <Filter>Source\FunctionProcessing</Filter>
    </ClCompile>
    <ClCompile Include="RandomFunction.cpp">
      <Filter>Source\FunctionProcessing</Filter>
    </ClCompile>
    <ClCompile Include="Tools.cpp">
      <Filter>Source\FunctionProcessing</Filter>
    </ClCompile>
    <ClCompile Include="Validation.cpp">
      <Filter>Source\FunctionProcessing</Filter>
    </ClCompile>
    <ClCompile Include="GUI\Mouse.cpp">
      <Filter>Source\GUI\Utility</Filter>
    </ClCompile>
    <ClCompile Include="GUI\Keyboard.cpp">
      <Filter>Source\GUI\Utility</Filter>
    </ClCompile>
    <ClCompile Include="GUI\GUICommon.cpp">
      <Filter>Source\GUI\Utility</Filter>
    </ClCompile>
    <ClCompile Include="GUI\SFHelper.cpp">
      <Filter>Source\GUI\Utility</Filter>
    </ClCompile>
    <ClCompile Include="GUI\OptionTab.cpp">
      <Filter>Source\GUI\MainComponents</Filter>
    </ClCompile>
    <ClCompile Include="GUI\MainLayout.cpp">
      <Filter>Source\GUI\MainComponents</Filter>
    </ClCompile>
    <ClCompile Include="GUI\FunctionView.cpp">
      <Filter>Source\GUI\MainComponents</Filter>
    </ClCompile>
    <ClCompile Include="GUI\Chart.cpp">
      <Filter>Source\GUI\MainComponents\Chart</Filter>
    </ClCompile>
    <ClCompile Include="GUI\ChartBackground.cpp">
      <Filter>Source\GUI\MainComponents\Chart</Filter>
    </ClCompile>
    <ClCompile Include="GUI\ChartDrawing.cpp">
      <Filter>Source\GUI\MainComponents\Chart</Filter>
    </ClCompile>
    <ClCompile Include="GUI\ChartLogic.cpp">
      <Filter>Source\GUI\MainComponents\Chart</Filter>
    </ClCompile>
    <ClCompile Include="GUI\ChartView.cpp">
      <Filter>Source\GUI\MainComponents\Chart</Filter>
    </ClCompile>
    <ClCompile Include="GUI\Button.cpp">
      <Filter>Source\GUI\BasicWidgets</Filter>
    </ClCompile>
    <ClCompile Include="GUI\TextEdit.cpp">
      <Filter>Source\GUI\BasicWidgets</Filter>
    </ClCompile>
    <ClCompile Include="GUI\PointNavigator.cpp">
      <Filter>Source\GUI\CustomWidgets</Filter>
    </ClCompile>
    <ClCompile Include="GUI\PreviewModeUI.cpp">
      <Filter>Source\GUI\CustomWidgets</Filter>
    </ClCompile>
    <ClCompile Include="GUI\StackedView.cpp">
      <Filter>Source\GUI\CustomWidgets</Filter>
    </ClCompile>
    <ClCompile Include="Palette.cpp">
      <Filter>Source\GUI\Resources</Filter>
    </ClCompile>
    <ClCompile Include="MathConcepts.cpp">
      <Filter>Source\FunctionProcessing</Filter>
    </ClCompile>
    <ClCompile Include="GUI\OptionBarLogic.cpp">
      <Filter>Source\GUI\BasicWidgets</Filter>
    </ClCompile>
    <ClCompile Include="GUI\HighlightAnimation.cpp">
      <Filter>Source\GUI\BasicWidgets</Filter>
    </ClCompile>
    <ClCompile Include="GUI\IntegralCalculator.cpp">
      <Filter>Source\GUI\CustomWidgets</Filter>
    </ClCompile>
    <ClCompile Include="GUI\HorizontalLayout.cpp">
      <Filter>Source\GUI\BasicWidgets</Filter>
    </ClCompile>
    <ClCompile Include="GUI\LayoutBase.cpp">
      <Filter>Source\GUI\BasicWidgets</Filter>
    </ClCompile>
    <ClCompile Include="GUI\Checkbox.cpp">
      <Filter>Source\GUI\BasicWidgets</Filter>
    </ClCompile>
    <ClCompile Include="GUI\SettingsPage.cpp">
      <Filter>Source\GUI\Pages</Filter>
    </ClCompile>
  </ItemGroup>
  <ItemGroup>
    <ClInclude Include="GUI\FunctionManagerPage.h">
      <Filter>Header Files\GUI\Pages</Filter>
    </ClInclude>
    <ClInclude Include="GUI\HelpPage.h">
      <Filter>Header Files\GUI\Pages</Filter>
    </ClInclude>
    <ClInclude Include="GUI\FunctionDetailsPage.h">
      <Filter>Header Files\GUI\Pages</Filter>
    </ClInclude>
    <ClInclude Include="tinyfiledialogs.h">
      <Filter>Header Files\ThirdParty</Filter>
    </ClInclude>
    <ClInclude Include="GUI\TextEdit.h">
      <Filter>Header Files\GUI\BasicWidgets</Filter>
    </ClInclude>
    <ClInclude Include="GUI\Button.h">
      <Filter>Header Files\GUI\BasicWidgets</Filter>
    </ClInclude>
    <ClInclude Include="GUI\StackedView.h">
      <Filter>Header Files\GUI\CustomWidgets</Filter>
    </ClInclude>
    <ClInclude Include="GUI\PreviewModeUI.h">
      <Filter>Header Files\GUI\CustomWidgets</Filter>
    </ClInclude>
    <ClInclude Include="GUI\MainLayout.h">
      <Filter>Header Files\GUI\MainComponents</Filter>
    </ClInclude>
    <ClInclude Include="GUI\FunctionView.h">
      <Filter>Header Files\GUI\MainComponents</Filter>
    </ClInclude>
    <ClInclude Include="GUI\ChartView.h">
      <Filter>Header Files\GUI\MainComponents</Filter>
    </ClInclude>
    <ClInclude Include="GUI\PointNavigator.h">
      <Filter>Header Files\GUI\CustomWidgets</Filter>
    </ClInclude>
    <ClInclude Include="Validation.h">
      <Filter>Header Files\FunctionProcessing</Filter>
    </ClInclude>
    <ClInclude Include="Tools.h">
      <Filter>Header Files\FunctionProcessing</Filter>
    </ClInclude>
    <ClInclude Include="RandomFunction.h">
      <Filter>Header Files\FunctionProcessing</Filter>
    </ClInclude>
    <ClInclude Include="Operations.h">
      <Filter>Header Files\FunctionProcessing</Filter>
    </ClInclude>
    <ClInclude Include="FunctionProcessor.h">
      <Filter>Header Files\FunctionProcessing</Filter>
    </ClInclude>
    <ClInclude Include="GUI\ChartBackgrounnd.h">
      <Filter>Header Files\GUI\MainComponents</Filter>
    </ClInclude>
    <ClInclude Include="GUI\Chart.h">
      <Filter>Header Files\GUI\MainComponents</Filter>
    </ClInclude>
    <ClInclude Include="GUI\GUICommon.h">
      <Filter>Header Files\GUI\Utility</Filter>
    </ClInclude>
    <ClInclude Include="GUI\SFHelper.h">
      <Filter>Header Files\GUI\Utility</Filter>
    </ClInclude>
    <ClInclude Include="GUI\Keyboard.h">
      <Filter>Header Files\GUI\Utility</Filter>
    </ClInclude>
    <ClInclude Include="GUI\Palette.h">
      <Filter>Header Files\GUI\Resources</Filter>
    </ClInclude>
    <ClInclude Include="GUI\Mouse.h">
      <Filter>Header Files\GUI\Utility</Filter>
    </ClInclude>
    <ClInclude Include="GUI\SharedData.hpp">
      <Filter>Header Files\GUI\Resources</Filter>
    </ClInclude>
    <ClInclude Include="MathConcepts.h">
      <Filter>Header Files\FunctionProcessing</Filter>
    </ClInclude>
    <ClInclude Include="GUI\OptionBarLogic.h">
      <Filter>Header Files\GUI\BasicWidgets</Filter>
    </ClInclude>
    <ClInclude Include="GUI\HighlightAnimation.h">
      <Filter>Header Files\GUI\BasicWidgets</Filter>
    </ClInclude>
    <ClInclude Include="GUI\IntegralCalculator.h">
      <Filter>Header Files\GUI\CustomWidgets</Filter>
    </ClInclude>
    <ClInclude Include="GUI\SettingsPage.h">
      <Filter>Header Files\GUI\Pages</Filter>
    </ClInclude>
    <ClInclude Include="GUI\HorizontalLayout.h">
      <Filter>Header Files\GUI\BasicWidgets</Filter>
    </ClInclude>
    <ClInclude Include="GUI\LayoutBase.h">
      <Filter>Header Files\GUI\BasicWidgets</Filter>
    </ClInclude>
    <ClInclude Include="GUI\Checkbox.h">
      <Filter>Header Files\GUI\BasicWidgets</Filter>
    </ClInclude>
    <ClInclude Include="GUI\StringResources.hpp">
      <Filter>Header Files\GUI\Resources</Filter>
    </ClInclude>
    <ClInclude Include="GUI\OptionTab.h">
      <Filter>Header Files\GUI\MainComponents</Filter>
    </ClInclude>
  </ItemGroup>
</Project>